
Microsoft Visual Studio Solution File, Format Version 12.00
# Visual Studio 15
VisualStudioVersion = 15.0.27703.2026
MinimumVisualStudioVersion = 10.0.40219.1
Project("{9A19103F-16F7-4668-BE54-9A1E7A4F7556}") = "ITSSelfRunning", "ITSSelfRunning\ITSSelfRunning.csproj", "{848A7E79-4B27-43E7-BF67-FB5E3BD50E95}"
EndProject
Project("{9A19103F-16F7-4668-BE54-9A1E7A4F7556}") = "ITSSelfRunning.DataAccess", "ITSSelfRunning.DataAccess\ITSSelfRunning.DataAccess.csproj", "{4BF1555F-77E4-448C-A0B8-85417E312780}"
EndProject
Project("{FAE04EC0-301F-11D3-BF4B-00C04F79EFBC}") = "WorkerRole", "WorkerRole\WorkerRole.csproj", "{5519F086-8E0D-4BCD-989E-D2C674369134}"
EndProject
Global
	GlobalSection(SolutionConfigurationPlatforms) = preSolution
		Debug|Any CPU = Debug|Any CPU
		Release|Any CPU = Release|Any CPU
	EndGlobalSection
	GlobalSection(ProjectConfigurationPlatforms) = postSolution
		{848A7E79-4B27-43E7-BF67-FB5E3BD50E95}.Debug|Any CPU.ActiveCfg = Debug|Any CPU
		{848A7E79-4B27-43E7-BF67-FB5E3BD50E95}.Debug|Any CPU.Build.0 = Debug|Any CPU
		{848A7E79-4B27-43E7-BF67-FB5E3BD50E95}.Release|Any CPU.ActiveCfg = Release|Any CPU
		{848A7E79-4B27-43E7-BF67-FB5E3BD50E95}.Release|Any CPU.Build.0 = Release|Any CPU
		{4BF1555F-77E4-448C-A0B8-85417E312780}.Debug|Any CPU.ActiveCfg = Debug|Any CPU
		{4BF1555F-77E4-448C-A0B8-85417E312780}.Debug|Any CPU.Build.0 = Debug|Any CPU
		{4BF1555F-77E4-448C-A0B8-85417E312780}.Release|Any CPU.ActiveCfg = Release|Any CPU
		{4BF1555F-77E4-448C-A0B8-85417E312780}.Release|Any CPU.Build.0 = Release|Any CPU
		{5519F086-8E0D-4BCD-989E-D2C674369134}.Debug|Any CPU.ActiveCfg = Debug|Any CPU
		{5519F086-8E0D-4BCD-989E-D2C674369134}.Debug|Any CPU.Build.0 = Debug|Any CPU
		{5519F086-8E0D-4BCD-989E-D2C674369134}.Release|Any CPU.ActiveCfg = Release|Any CPU
		{5519F086-8E0D-4BCD-989E-D2C674369134}.Release|Any CPU.Build.0 = Release|Any CPU
	EndGlobalSection
	GlobalSection(SolutionProperties) = preSolution
		HideSolutionNode = FALSE
	EndGlobalSection
	GlobalSection(ExtensibilityGlobals) = postSolution
		SolutionGuid = {4A25C5EE-8E75-4861-9009-3DC2D020389F}
	EndGlobalSection
EndGlobal
